// !$*UTF8*$!
{
	archiveVersion = 1;
	classes = {
	};
	objectVersion = 56;
	objects = {

/* Begin PBXBuildFile section */
		E07E0A3D2BB5E59000BD3D4E /* main.c in Sources */ = {isa = PBXBuildFile; fileRef = E07E0A3C2BB5E59000BD3D4E /* main.c */; };
		E07E0A412BB5E5BD00BD3D4E /* SDL2_image.framework in Frameworks */ = {isa = PBXBuildFile; fileRef = E07E0A3F2BB5E5BD00BD3D4E /* SDL2_image.framework */; };
		E07E0A422BB5E5BD00BD3D4E /* SDL2.framework in Frameworks */ = {isa = PBXBuildFile; fileRef = E07E0A402BB5E5BD00BD3D4E /* SDL2.framework */; };
		E07E0A472BB5EB7900BD3D4E /* SDL2.framework in CopyFiles */ = {isa = PBXBuildFile; fileRef = E07E0A402BB5E5BD00BD3D4E /* SDL2.framework */; };
		E07E0A482BB5EB7900BD3D4E /* SDL2_image.framework in CopyFiles */ = {isa = PBXBuildFile; fileRef = E07E0A3F2BB5E5BD00BD3D4E /* SDL2_image.framework */; };
		E07E0A4D2BB5FE3500BD3D4E /* image_convert.c in Sources */ = {isa = PBXBuildFile; fileRef = E07E0A4C2BB5FE3500BD3D4E /* image_convert.c */; };
		E07E0A502BB5FF8800BD3D4E /* atari_font_data.c in Sources */ = {isa = PBXBuildFile; fileRef = E07E0A4E2BB5FF8800BD3D4E /* atari_font_data.c */; };
		E07E0A532BB5FF9200BD3D4E /* font_convert.c in Sources */ = {isa = PBXBuildFile; fileRef = E07E0A522BB5FF9200BD3D4E /* font_convert.c */; };
/* End PBXBuildFile section */

/* Begin PBXCopyFilesBuildPhase section */
		E07E0A462BB5EAED00BD3D4E /* CopyFiles */ = {
			isa = PBXCopyFilesBuildPhase;
			buildActionMask = 2147483647;
			dstPath = "";
			dstSubfolderSpec = 16;
			files = (
				E07E0A472BB5EB7900BD3D4E /* SDL2.framework in CopyFiles */,
				E07E0A482BB5EB7900BD3D4E /* SDL2_image.framework in CopyFiles */,
			);
			runOnlyForDeploymentPostprocessing = 0;
		};
/* End PBXCopyFilesBuildPhase section */

/* Begin PBXFileReference section */
		E07E0A322BB5E57300BD3D4E /* toma-boxing-tools */ = {isa = PBXFileReference; explicitFileType = "compiled.mach-o.executable"; includeInIndex = 0; path = "toma-boxing-tools"; sourceTree = BUILT_PRODUCTS_DIR; };
		E07E0A3C2BB5E59000BD3D4E /* main.c */ = {isa = PBXFileReference; fileEncoding = 4; lastKnownFileType = sourcecode.c.c; path = main.c; sourceTree = "<group>"; };
		E07E0A3F2BB5E5BD00BD3D4E /* SDL2_image.framework */ = {isa = PBXFileReference; lastKnownFileType = wrapper.framework; name = SDL2_image.framework; path = ../../../Frameworks/SDL2_image.framework; sourceTree = "<group>"; };
		E07E0A402BB5E5BD00BD3D4E /* SDL2.framework */ = {isa = PBXFileReference; lastKnownFileType = wrapper.framework; name = SDL2.framework; path = ../../../Frameworks/SDL2.framework; sourceTree = "<group>"; };
		E07E0A452BB5E66100BD3D4E /* toma-boxing-tools.entitlements */ = {isa = PBXFileReference; lastKnownFileType = text.plist.entitlements; path = "toma-boxing-tools.entitlements"; sourceTree = "<group>"; };
		E07E0A4B2BB5FE3500BD3D4E /* image_convert.h */ = {isa = PBXFileReference; lastKnownFileType = sourcecode.c.h; path = image_convert.h; sourceTree = "<group>"; };
		E07E0A4C2BB5FE3500BD3D4E /* image_convert.c */ = {isa = PBXFileReference; lastKnownFileType = sourcecode.c.c; path = image_convert.c; sourceTree = "<group>"; };
		E07E0A4E2BB5FF8800BD3D4E /* atari_font_data.c */ = {isa = PBXFileReference; fileEncoding = 4; lastKnownFileType = sourcecode.c.c; path = atari_font_data.c; sourceTree = "<group>"; };
		E07E0A4F2BB5FF8800BD3D4E /* atari_font_data.h */ = {isa = PBXFileReference; fileEncoding = 4; lastKnownFileType = sourcecode.c.h; path = atari_font_data.h; sourceTree = "<group>"; };
		E07E0A512BB5FF9200BD3D4E /* font_convert.h */ = {isa = PBXFileReference; lastKnownFileType = sourcecode.c.h; path = font_convert.h; sourceTree = "<group>"; };
		E07E0A522BB5FF9200BD3D4E /* font_convert.c */ = {isa = PBXFileReference; lastKnownFileType = sourcecode.c.c; path = font_convert.c; sourceTree = "<group>"; };
/* End PBXFileReference section */

/* Begin PBXFrameworksBuildPhase section */
		E07E0A2F2BB5E57300BD3D4E /* Frameworks */ = {
			isa = PBXFrameworksBuildPhase;
			buildActionMask = 2147483647;
			files = (
				E07E0A412BB5E5BD00BD3D4E /* SDL2_image.framework in Frameworks */,
				E07E0A422BB5E5BD00BD3D4E /* SDL2.framework in Frameworks */,
			);
			runOnlyForDeploymentPostprocessing = 0;
		};
/* End PBXFrameworksBuildPhase section */

/* Begin PBXGroup section */
		E07E0A292BB5E57300BD3D4E = {
			isa = PBXGroup;
			children = (
				E07E0A452BB5E66100BD3D4E /* toma-boxing-tools.entitlements */,
				E07E0A3C2BB5E59000BD3D4E /* main.c */,
				E07E0A4F2BB5FF8800BD3D4E /* atari_font_data.h */,
				E07E0A4E2BB5FF8800BD3D4E /* atari_font_data.c */,
				E07E0A512BB5FF9200BD3D4E /* font_convert.h */,
				E07E0A522BB5FF9200BD3D4E /* font_convert.c */,
				E07E0A4B2BB5FE3500BD3D4E /* image_convert.h */,
				E07E0A4C2BB5FE3500BD3D4E /* image_convert.c */,
				E07E0A3E2BB5E5A700BD3D4E /* Frameworks */,
				E07E0A332BB5E57300BD3D4E /* Products */,
			);
			sourceTree = "<group>";
		};
		E07E0A332BB5E57300BD3D4E /* Products */ = {
			isa = PBXGroup;
			children = (
				E07E0A322BB5E57300BD3D4E /* toma-boxing-tools */,
			);
			name = Products;
			sourceTree = "<group>";
		};
		E07E0A3E2BB5E5A700BD3D4E /* Frameworks */ = {
			isa = PBXGroup;
			children = (
				E07E0A402BB5E5BD00BD3D4E /* SDL2.framework */,
				E07E0A3F2BB5E5BD00BD3D4E /* SDL2_image.framework */,
			);
			path = Frameworks;
			sourceTree = "<group>";
		};
/* End PBXGroup section */

/* Begin PBXNativeTarget section */
		E07E0A312BB5E57300BD3D4E /* toma-boxing-tools */ = {
			isa = PBXNativeTarget;
			buildConfigurationList = E07E0A392BB5E57300BD3D4E /* Build configuration list for PBXNativeTarget "toma-boxing-tools" */;
			buildPhases = (
				E07E0A2E2BB5E57300BD3D4E /* Sources */,
				E07E0A2F2BB5E57300BD3D4E /* Frameworks */,
				E07E0A462BB5EAED00BD3D4E /* CopyFiles */,
			);
			buildRules = (
			);
			dependencies = (
			);
			name = "toma-boxing-tools";
			productName = "toma-boxing-tools";
			productReference = E07E0A322BB5E57300BD3D4E /* toma-boxing-tools */;
			productType = "com.apple.product-type.tool";
		};
/* End PBXNativeTarget section */

/* Begin PBXProject section */
		E07E0A2A2BB5E57300BD3D4E /* Project object */ = {
			isa = PBXProject;
			attributes = {
				BuildIndependentTargetsInParallel = 1;
				LastUpgradeCheck = 1530;
				TargetAttributes = {
					E07E0A312BB5E57300BD3D4E = {
						CreatedOnToolsVersion = 15.3;
					};
				};
			};
			buildConfigurationList = E07E0A2D2BB5E57300BD3D4E /* Build configuration list for PBXProject "toma-boxing-tools" */;
			compatibilityVersion = "Xcode 14.0";
			developmentRegion = en;
			hasScannedForEncodings = 0;
			knownRegions = (
				en,
				Base,
			);
			mainGroup = E07E0A292BB5E57300BD3D4E;
			productRefGroup = E07E0A332BB5E57300BD3D4E /* Products */;
			projectDirPath = "";
			projectRoot = "";
			targets = (
				E07E0A312BB5E57300BD3D4E /* toma-boxing-tools */,
			);
		};
/* End PBXProject section */

/* Begin PBXSourcesBuildPhase section */
		E07E0A2E2BB5E57300BD3D4E /* Sources */ = {
			isa = PBXSourcesBuildPhase;
			buildActionMask = 2147483647;
			files = (
				E07E0A3D2BB5E59000BD3D4E /* main.c in Sources */,
				E07E0A502BB5FF8800BD3D4E /* atari_font_data.c in Sources */,
				E07E0A532BB5FF9200BD3D4E /* font_convert.c in Sources */,
				E07E0A4D2BB5FE3500BD3D4E /* image_convert.c in Sources */,
			);
			runOnlyForDeploymentPostprocessing = 0;
		};
/* End PBXSourcesBuildPhase section */

/* Begin XCBuildConfiguration section */
		E07E0A372BB5E57300BD3D4E /* Debug */ = {
			isa = XCBuildConfiguration;
			buildSettings = {
				ALWAYS_SEARCH_USER_PATHS = NO;
				ASSETCATALOG_COMPILER_GENERATE_SWIFT_ASSET_SYMBOL_EXTENSIONS = YES;
				CLANG_ANALYZER_NONNULL = YES;
				CLANG_ANALYZER_NUMBER_OBJECT_CONVERSION = YES_AGGRESSIVE;
				CLANG_CXX_LANGUAGE_STANDARD = "gnu++20";
				CLANG_ENABLE_MODULES = YES;
				CLANG_ENABLE_OBJC_ARC = YES;
				CLANG_ENABLE_OBJC_WEAK = YES;
				CLANG_WARN_BLOCK_CAPTURE_AUTORELEASING = YES;
				CLANG_WARN_BOOL_CONVERSION = YES;
				CLANG_WARN_COMMA = YES;
				CLANG_WARN_CONSTANT_CONVERSION = YES;
				CLANG_WARN_DEPRECATED_OBJC_IMPLEMENTATIONS = YES;
				CLANG_WARN_DIRECT_OBJC_ISA_USAGE = YES_ERROR;
				CLANG_WARN_DOCUMENTATION_COMMENTS = YES;
				CLANG_WARN_EMPTY_BODY = YES;
				CLANG_WARN_ENUM_CONVERSION = YES;
				CLANG_WARN_INFINITE_RECURSION = YES;
				CLANG_WARN_INT_CONVERSION = YES;
				CLANG_WARN_NON_LITERAL_NULL_CONVERSION = YES;
				CLANG_WARN_OBJC_IMPLICIT_RETAIN_SELF = YES;
				CLANG_WARN_OBJC_LITERAL_CONVERSION = YES;
				CLANG_WARN_OBJC_ROOT_CLASS = YES_ERROR;
				CLANG_WARN_QUOTED_INCLUDE_IN_FRAMEWORK_HEADER = YES;
				CLANG_WARN_RANGE_LOOP_ANALYSIS = YES;
				CLANG_WARN_STRICT_PROTOTYPES = YES;
				CLANG_WARN_SUSPICIOUS_MOVE = YES;
				CLANG_WARN_UNGUARDED_AVAILABILITY = YES_AGGRESSIVE;
				CLANG_WARN_UNREACHABLE_CODE = YES;
				CLANG_WARN__DUPLICATE_METHOD_MATCH = YES;
				COPY_PHASE_STRIP = NO;
				DEBUG_INFORMATION_FORMAT = dwarf;
				ENABLE_STRICT_OBJC_MSGSEND = YES;
				ENABLE_TESTABILITY = YES;
				ENABLE_USER_SCRIPT_SANDBOXING = YES;
				GCC_C_LANGUAGE_STANDARD = gnu17;
				GCC_DYNAMIC_NO_PIC = NO;
				GCC_NO_COMMON_BLOCKS = YES;
				GCC_OPTIMIZATION_LEVEL = 0;
				GCC_PREPROCESSOR_DEFINITIONS = (
					"DEBUG=1",
					"$(inherited)",
				);
				GCC_WARN_64_TO_32_BIT_CONVERSION = YES;
				GCC_WARN_ABOUT_RETURN_TYPE = YES_ERROR;
				GCC_WARN_UNDECLARED_SELECTOR = YES;
				GCC_WARN_UNINITIALIZED_AUTOS = YES_AGGRESSIVE;
				GCC_WARN_UNUSED_FUNCTION = YES;
				GCC_WARN_UNUSED_VARIABLE = YES;
				LOCALIZATION_PREFERS_STRING_CATALOGS = YES;
				MACOSX_DEPLOYMENT_TARGET = 14.4;
				MTL_ENABLE_DEBUG_INFO = INCLUDE_SOURCE;
				MTL_FAST_MATH = YES;
				ONLY_ACTIVE_ARCH = YES;
				SDKROOT = macosx;
			};
			name = Debug;
		};
		E07E0A382BB5E57300BD3D4E /* Release */ = {
			isa = XCBuildConfiguration;
			buildSettings = {
				ALWAYS_SEARCH_USER_PATHS = NO;
				ASSETCATALOG_COMPILER_GENERATE_SWIFT_ASSET_SYMBOL_EXTENSIONS = YES;
				CLANG_ANALYZER_NONNULL = YES;
				CLANG_ANALYZER_NUMBER_OBJECT_CONVERSION = YES_AGGRESSIVE;
				CLANG_CXX_LANGUAGE_STANDARD = "gnu++20";
				CLANG_ENABLE_MODULES = YES;
				CLANG_ENABLE_OBJC_ARC = YES;
				CLANG_ENABLE_OBJC_WEAK = YES;
				CLANG_WARN_BLOCK_CAPTURE_AUTORELEASING = YES;
				CLANG_WARN_BOOL_CONVERSION = YES;
				CLANG_WARN_COMMA = YES;
				CLANG_WARN_CONSTANT_CONVERSION = YES;
				CLANG_WARN_DEPRECATED_OBJC_IMPLEMENTATIONS = YES;
				CLANG_WARN_DIRECT_OBJC_ISA_USAGE = YES_ERROR;
				CLANG_WARN_DOCUMENTATION_COMMENTS = YES;
				CLANG_WARN_EMPTY_BODY = YES;
				CLANG_WARN_ENUM_CONVERSION = YES;
				CLANG_WARN_INFINITE_RECURSION = YES;
				CLANG_WARN_INT_CONVERSION = YES;
				CLANG_WARN_NON_LITERAL_NULL_CONVERSION = YES;
				CLANG_WARN_OBJC_IMPLICIT_RETAIN_SELF = YES;
				CLANG_WARN_OBJC_LITERAL_CONVERSION = YES;
				CLANG_WARN_OBJC_ROOT_CLASS = YES_ERROR;
				CLANG_WARN_QUOTED_INCLUDE_IN_FRAMEWORK_HEADER = YES;
				CLANG_WARN_RANGE_LOOP_ANALYSIS = YES;
				CLANG_WARN_STRICT_PROTOTYPES = YES;
				CLANG_WARN_SUSPICIOUS_MOVE = YES;
				CLANG_WARN_UNGUARDED_AVAILABILITY = YES_AGGRESSIVE;
				CLANG_WARN_UNREACHABLE_CODE = YES;
				CLANG_WARN__DUPLICATE_METHOD_MATCH = YES;
				COPY_PHASE_STRIP = NO;
				DEBUG_INFORMATION_FORMAT = "dwarf-with-dsym";
				ENABLE_NS_ASSERTIONS = NO;
				ENABLE_STRICT_OBJC_MSGSEND = YES;
				ENABLE_USER_SCRIPT_SANDBOXING = YES;
				GCC_C_LANGUAGE_STANDARD = gnu17;
				GCC_NO_COMMON_BLOCKS = YES;
				GCC_WARN_64_TO_32_BIT_CONVERSION = YES;
				GCC_WARN_ABOUT_RETURN_TYPE = YES_ERROR;
				GCC_WARN_UNDECLARED_SELECTOR = YES;
				GCC_WARN_UNINITIALIZED_AUTOS = YES_AGGRESSIVE;
				GCC_WARN_UNUSED_FUNCTION = YES;
				GCC_WARN_UNUSED_VARIABLE = YES;
				LOCALIZATION_PREFERS_STRING_CATALOGS = YES;
				MACOSX_DEPLOYMENT_TARGET = 14.4;
				MTL_ENABLE_DEBUG_INFO = NO;
				MTL_FAST_MATH = YES;
				SDKROOT = macosx;
			};
			name = Release;
		};
		E07E0A3A2BB5E57300BD3D4E /* Debug */ = {
			isa = XCBuildConfiguration;
			buildSettings = {
				CODE_SIGN_ENTITLEMENTS = "toma-boxing-tools.entitlements";
				"CODE_SIGN_IDENTITY[sdk=macosx*]" = "-";
				CODE_SIGN_STYLE = Automatic;
				DEVELOPMENT_TEAM = NVBY6KRZL2;
				ENABLE_HARDENED_RUNTIME = YES;
				FRAMEWORK_SEARCH_PATHS = (
					"${inherited}",
					"${PROJECT_DIR}/../../Frameworks",
				);
				PRODUCT_NAME = "$(TARGET_NAME)";
			};
			name = Debug;
		};
		E07E0A3B2BB5E57300BD3D4E /* Release */ = {
			isa = XCBuildConfiguration;
			buildSettings = {
				CODE_SIGN_ENTITLEMENTS = "toma-boxing-tools.entitlements";
				"CODE_SIGN_IDENTITY[sdk=macosx*]" = "-";
				CODE_SIGN_STYLE = Automatic;
				DEVELOPMENT_TEAM = NVBY6KRZL2;
				ENABLE_HARDENED_RUNTIME = YES;
				FRAMEWORK_SEARCH_PATHS = (
					"${inherited}",
					"${PROJECT_DIR}/../../Frameworks",
				);
				PRODUCT_NAME = "$(TARGET_NAME)";
			};
			name = Release;
		};
/* End XCBuildConfiguration section */

/* Begin XCConfigurationList section */
		E07E0A2D2BB5E57300BD3D4E /* Build configuration list for PBXProject "toma-boxing-tools" */ = {
			isa = XCConfigurationList;
			buildConfigurations = (
				E07E0A372BB5E57300BD3D4E /* Debug */,
				E07E0A382BB5E57300BD3D4E /* Release */,
			);
			defaultConfigurationIsVisible = 0;
			defaultConfigurationName = Release;
		};
		E07E0A392BB5E57300BD3D4E /* Build configuration list for PBXNativeTarget "toma-boxing-tools" */ = {
			isa = XCConfigurationList;
			buildConfigurations = (
				E07E0A3A2BB5E57300BD3D4E /* Debug */,
				E07E0A3B2BB5E57300BD3D4E /* Release */,
			);
			defaultConfigurationIsVisible = 0;
			defaultConfigurationName = Release;
		};
/* End XCConfigurationList section */
	};
	rootObject = E07E0A2A2BB5E57300BD3D4E /* Project object */;
}
