// !$*UTF8*$!
{
	archiveVersion = 1;
	classes = {
	};
	objectVersion = 56;
	objects = {

/* Begin PBXBuildFile section */
		E00F80152BB1302100D78335 /* color.c in Sources */ = {isa = PBXBuildFile; fileRef = E00F800B2BB1302100D78335 /* color.c */; };
		E00F80162BB1302100D78335 /* main.c in Sources */ = {isa = PBXBuildFile; fileRef = E00F800D2BB1302100D78335 /* main.c */; };
		E00F80172BB1302100D78335 /* matrix.c in Sources */ = {isa = PBXBuildFile; fileRef = E00F800E2BB1302100D78335 /* matrix.c */; };
		E00F80192BB1302100D78335 /* vector.c in Sources */ = {isa = PBXBuildFile; fileRef = E00F80122BB1302100D78335 /* vector.c */; };
		E00F801D2BB1329800D78335 /* cube_mesh.c in Sources */ = {isa = PBXBuildFile; fileRef = E00F801C2BB1329800D78335 /* cube_mesh.c */; };
		E00F80202BB132A000D78335 /* drawing.c in Sources */ = {isa = PBXBuildFile; fileRef = E00F801F2BB132A000D78335 /* drawing.c */; };
		E00F80222BB1CC6A00D78335 /* SDL2_mixer.framework in Frameworks */ = {isa = PBXBuildFile; fileRef = E00F80212BB1CC6A00D78335 /* SDL2_mixer.framework */; };
		E00F80242BB1CC7000D78335 /* ogg.framework in Frameworks */ = {isa = PBXBuildFile; fileRef = E00F80232BB1CC7000D78335 /* ogg.framework */; };
		E00F80252BB1CC7E00D78335 /* SDL2_mixer.framework in Copy Frameworks */ = {isa = PBXBuildFile; fileRef = E00F80212BB1CC6A00D78335 /* SDL2_mixer.framework */; };
		E00F80262BB1CC7E00D78335 /* ogg.framework in Copy Frameworks */ = {isa = PBXBuildFile; fileRef = E00F80232BB1CC7000D78335 /* ogg.framework */; };
		E00F80292BB1CD4700D78335 /* Toma - All Night Radio.ogg in Copy Assets */ = {isa = PBXBuildFile; fileRef = E00F80272BB1CD2E00D78335 /* Toma - All Night Radio.ogg */; };
		E00F802C2BB1CDE500D78335 /* audio_player.c in Sources */ = {isa = PBXBuildFile; fileRef = E00F802B2BB1CDE500D78335 /* audio_player.c */; };
		E040D2872BB3494900FDBF10 /* atari_text.c in Sources */ = {isa = PBXBuildFile; fileRef = E040D2832BB3494900FDBF10 /* atari_text.c */; };
		E040D28B2BB356EF00FDBF10 /* image.c in Sources */ = {isa = PBXBuildFile; fileRef = E040D28A2BB356EF00FDBF10 /* image.c */; };
		E04CAC892BACB5570015EC5E /* SDL2.framework in Frameworks */ = {isa = PBXBuildFile; fileRef = E04CAC872BACB5480015EC5E /* SDL2.framework */; };
		E04CAC8D2BACB9FD0015EC5E /* SDL2.framework in Copy Frameworks */ = {isa = PBXBuildFile; fileRef = E04CAC872BACB5480015EC5E /* SDL2.framework */; };
		E07E0A4A2BB5F81D00BD3D4E /* riverside_1x.indexed_image in Copy Assets */ = {isa = PBXBuildFile; fileRef = E07E0A492BB5F81300BD3D4E /* riverside_1x.indexed_image */; };
		E07E0A592BB60BF800BD3D4E /* file_io.c in Sources */ = {isa = PBXBuildFile; fileRef = E07E0A582BB60BF800BD3D4E /* file_io.c */; };
		E07E0A5D2BB60DB200BD3D4E /* font.data in Copy Assets */ = {isa = PBXBuildFile; fileRef = E07E0A5C2BB60DAE00BD3D4E /* font.data */; };
		E07E0A5F2BB62CDF00BD3D4E /* title.indexed_image in Copy Assets */ = {isa = PBXBuildFile; fileRef = E07E0A5E2BB62CD900BD3D4E /* title.indexed_image */; };
		E07E0A622BB6340F00BD3D4E /* scene_title.c in Sources */ = {isa = PBXBuildFile; fileRef = E07E0A612BB6340F00BD3D4E /* scene_title.c */; };
		E07E0A652BB6370700BD3D4E /* scene_instructions.c in Sources */ = {isa = PBXBuildFile; fileRef = E07E0A642BB6370700BD3D4E /* scene_instructions.c */; };
		E07E0A682BB6371B00BD3D4E /* scene_gameplay.c in Sources */ = {isa = PBXBuildFile; fileRef = E07E0A672BB6371B00BD3D4E /* scene_gameplay.c */; };
		E07E0A6B2BB637B700BD3D4E /* scene_results.c in Sources */ = {isa = PBXBuildFile; fileRef = E07E0A6A2BB637B700BD3D4E /* scene_results.c */; };
		E07E0A6E2BB63CD500BD3D4E /* scene_manager.c in Sources */ = {isa = PBXBuildFile; fileRef = E07E0A6D2BB63CD500BD3D4E /* scene_manager.c */; };
/* End PBXBuildFile section */

/* Begin PBXCopyFilesBuildPhase section */
		E00F802F2BB1DC2400D78335 /* Copy Assets */ = {
			isa = PBXCopyFilesBuildPhase;
			buildActionMask = 2147483647;
			dstPath = assets;
			dstSubfolderSpec = 16;
			files = (
				E07E0A5D2BB60DB200BD3D4E /* font.data in Copy Assets */,
				E07E0A4A2BB5F81D00BD3D4E /* riverside_1x.indexed_image in Copy Assets */,
				E07E0A5F2BB62CDF00BD3D4E /* title.indexed_image in Copy Assets */,
				E00F80292BB1CD4700D78335 /* Toma - All Night Radio.ogg in Copy Assets */,
			);
			name = "Copy Assets";
			runOnlyForDeploymentPostprocessing = 0;
		};
		E04CAC7A2BACB4F10015EC5E /* Copy Frameworks */ = {
			isa = PBXCopyFilesBuildPhase;
			buildActionMask = 12;
			dstPath = "";
			dstSubfolderSpec = 16;
			files = (
				E04CAC8D2BACB9FD0015EC5E /* SDL2.framework in Copy Frameworks */,
				E00F80252BB1CC7E00D78335 /* SDL2_mixer.framework in Copy Frameworks */,
				E00F80262BB1CC7E00D78335 /* ogg.framework in Copy Frameworks */,
			);
			name = "Copy Frameworks";
			runOnlyForDeploymentPostprocessing = 0;
		};
/* End PBXCopyFilesBuildPhase section */

/* Begin PBXFileReference section */
		E00F800B2BB1302100D78335 /* color.c */ = {isa = PBXFileReference; fileEncoding = 4; lastKnownFileType = sourcecode.c.c; path = color.c; sourceTree = "<group>"; };
		E00F800C2BB1302100D78335 /* color.h */ = {isa = PBXFileReference; fileEncoding = 4; lastKnownFileType = sourcecode.c.h; path = color.h; sourceTree = "<group>"; };
		E00F800D2BB1302100D78335 /* main.c */ = {isa = PBXFileReference; fileEncoding = 4; lastKnownFileType = sourcecode.c.c; path = main.c; sourceTree = "<group>"; };
		E00F800E2BB1302100D78335 /* matrix.c */ = {isa = PBXFileReference; fileEncoding = 4; lastKnownFileType = sourcecode.c.c; path = matrix.c; sourceTree = "<group>"; };
		E00F800F2BB1302100D78335 /* matrix.h */ = {isa = PBXFileReference; fileEncoding = 4; lastKnownFileType = sourcecode.c.h; path = matrix.h; sourceTree = "<group>"; };
		E00F80122BB1302100D78335 /* vector.c */ = {isa = PBXFileReference; fileEncoding = 4; lastKnownFileType = sourcecode.c.c; path = vector.c; sourceTree = "<group>"; };
		E00F80132BB1302100D78335 /* vector.h */ = {isa = PBXFileReference; fileEncoding = 4; lastKnownFileType = sourcecode.c.h; path = vector.h; sourceTree = "<group>"; };
		E00F801A2BB1302F00D78335 /* Toma Boxing.entitlements */ = {isa = PBXFileReference; fileEncoding = 4; lastKnownFileType = text.plist.entitlements; path = "Toma Boxing.entitlements"; sourceTree = "<group>"; };
		E00F801B2BB1329800D78335 /* cube_mesh.h */ = {isa = PBXFileReference; fileEncoding = 4; lastKnownFileType = sourcecode.c.h; path = cube_mesh.h; sourceTree = "<group>"; };
		E00F801C2BB1329800D78335 /* cube_mesh.c */ = {isa = PBXFileReference; fileEncoding = 4; lastKnownFileType = sourcecode.c.c; path = cube_mesh.c; sourceTree = "<group>"; };
		E00F801E2BB132A000D78335 /* drawing.h */ = {isa = PBXFileReference; fileEncoding = 4; lastKnownFileType = sourcecode.c.h; path = drawing.h; sourceTree = "<group>"; };
		E00F801F2BB132A000D78335 /* drawing.c */ = {isa = PBXFileReference; fileEncoding = 4; lastKnownFileType = sourcecode.c.c; path = drawing.c; sourceTree = "<group>"; };
		E00F80212BB1CC6A00D78335 /* SDL2_mixer.framework */ = {isa = PBXFileReference; lastKnownFileType = wrapper.framework; path = SDL2_mixer.framework; sourceTree = "<group>"; };
		E00F80232BB1CC7000D78335 /* ogg.framework */ = {isa = PBXFileReference; lastKnownFileType = wrapper.framework; path = ogg.framework; sourceTree = "<group>"; };
		E00F80272BB1CD2E00D78335 /* Toma - All Night Radio.ogg */ = {isa = PBXFileReference; lastKnownFileType = file; path = "Toma - All Night Radio.ogg"; sourceTree = "<group>"; };
		E00F802A2BB1CDE500D78335 /* audio_player.h */ = {isa = PBXFileReference; lastKnownFileType = sourcecode.c.h; path = audio_player.h; sourceTree = "<group>"; };
		E00F802B2BB1CDE500D78335 /* audio_player.c */ = {isa = PBXFileReference; lastKnownFileType = sourcecode.c.c; path = audio_player.c; sourceTree = "<group>"; };
		E040D2832BB3494900FDBF10 /* atari_text.c */ = {isa = PBXFileReference; fileEncoding = 4; lastKnownFileType = sourcecode.c.c; path = atari_text.c; sourceTree = "<group>"; };
		E040D2862BB3494900FDBF10 /* atari_text.h */ = {isa = PBXFileReference; fileEncoding = 4; lastKnownFileType = sourcecode.c.h; path = atari_text.h; sourceTree = "<group>"; };
		E040D2892BB356EF00FDBF10 /* image.h */ = {isa = PBXFileReference; lastKnownFileType = sourcecode.c.h; path = image.h; sourceTree = "<group>"; };
		E040D28A2BB356EF00FDBF10 /* image.c */ = {isa = PBXFileReference; lastKnownFileType = sourcecode.c.c; path = image.c; sourceTree = "<group>"; };
		E04CAC7C2BACB4F10015EC5E /* Toma Boxing */ = {isa = PBXFileReference; explicitFileType = "compiled.mach-o.executable"; includeInIndex = 0; path = "Toma Boxing"; sourceTree = BUILT_PRODUCTS_DIR; };
		E04CAC872BACB5480015EC5E /* SDL2.framework */ = {isa = PBXFileReference; lastKnownFileType = wrapper.framework; path = SDL2.framework; sourceTree = "<group>"; };
		E07E0A492BB5F81300BD3D4E /* riverside_1x.indexed_image */ = {isa = PBXFileReference; lastKnownFileType = file; path = riverside_1x.indexed_image; sourceTree = "<group>"; };
		E07E0A572BB60BF800BD3D4E /* file_io.h */ = {isa = PBXFileReference; lastKnownFileType = sourcecode.c.h; path = file_io.h; sourceTree = "<group>"; };
		E07E0A582BB60BF800BD3D4E /* file_io.c */ = {isa = PBXFileReference; lastKnownFileType = sourcecode.c.c; path = file_io.c; sourceTree = "<group>"; };
		E07E0A5C2BB60DAE00BD3D4E /* font.data */ = {isa = PBXFileReference; lastKnownFileType = file; path = font.data; sourceTree = "<group>"; };
		E07E0A5E2BB62CD900BD3D4E /* title.indexed_image */ = {isa = PBXFileReference; lastKnownFileType = file; path = title.indexed_image; sourceTree = "<group>"; };
		E07E0A602BB6340F00BD3D4E /* scene_title.h */ = {isa = PBXFileReference; lastKnownFileType = sourcecode.c.h; path = scene_title.h; sourceTree = "<group>"; };
		E07E0A612BB6340F00BD3D4E /* scene_title.c */ = {isa = PBXFileReference; lastKnownFileType = sourcecode.c.c; path = scene_title.c; sourceTree = "<group>"; };
		E07E0A632BB6370700BD3D4E /* scene_instructions.h */ = {isa = PBXFileReference; lastKnownFileType = sourcecode.c.h; path = scene_instructions.h; sourceTree = "<group>"; };
		E07E0A642BB6370700BD3D4E /* scene_instructions.c */ = {isa = PBXFileReference; lastKnownFileType = sourcecode.c.c; path = scene_instructions.c; sourceTree = "<group>"; };
		E07E0A662BB6371B00BD3D4E /* scene_gameplay.h */ = {isa = PBXFileReference; lastKnownFileType = sourcecode.c.h; path = scene_gameplay.h; sourceTree = "<group>"; };
		E07E0A672BB6371B00BD3D4E /* scene_gameplay.c */ = {isa = PBXFileReference; lastKnownFileType = sourcecode.c.c; path = scene_gameplay.c; sourceTree = "<group>"; };
		E07E0A692BB637B700BD3D4E /* scene_results.h */ = {isa = PBXFileReference; lastKnownFileType = sourcecode.c.h; path = scene_results.h; sourceTree = "<group>"; };
		E07E0A6A2BB637B700BD3D4E /* scene_results.c */ = {isa = PBXFileReference; lastKnownFileType = sourcecode.c.c; path = scene_results.c; sourceTree = "<group>"; };
		E07E0A6C2BB63CD500BD3D4E /* scene_manager.h */ = {isa = PBXFileReference; lastKnownFileType = sourcecode.c.h; path = scene_manager.h; sourceTree = "<group>"; };
		E07E0A6D2BB63CD500BD3D4E /* scene_manager.c */ = {isa = PBXFileReference; lastKnownFileType = sourcecode.c.c; path = scene_manager.c; sourceTree = "<group>"; };
/* End PBXFileReference section */

/* Begin PBXFrameworksBuildPhase section */
		E04CAC792BACB4F10015EC5E /* Frameworks */ = {
			isa = PBXFrameworksBuildPhase;
			buildActionMask = 2147483647;
			files = (
				E04CAC892BACB5570015EC5E /* SDL2.framework in Frameworks */,
				E00F80222BB1CC6A00D78335 /* SDL2_mixer.framework in Frameworks */,
				E00F80242BB1CC7000D78335 /* ogg.framework in Frameworks */,
			);
			runOnlyForDeploymentPostprocessing = 0;
		};
/* End PBXFrameworksBuildPhase section */

/* Begin PBXGroup section */
		E00F80142BB1302100D78335 /* src */ = {
			isa = PBXGroup;
			children = (
				E00F800D2BB1302100D78335 /* main.c */,
				E040D2862BB3494900FDBF10 /* atari_text.h */,
				E040D2832BB3494900FDBF10 /* atari_text.c */,
				E00F802A2BB1CDE500D78335 /* audio_player.h */,
				E00F802B2BB1CDE500D78335 /* audio_player.c */,
				E00F800C2BB1302100D78335 /* color.h */,
				E00F800B2BB1302100D78335 /* color.c */,
				E00F801B2BB1329800D78335 /* cube_mesh.h */,
				E00F801C2BB1329800D78335 /* cube_mesh.c */,
				E00F801E2BB132A000D78335 /* drawing.h */,
				E00F801F2BB132A000D78335 /* drawing.c */,
				E040D2892BB356EF00FDBF10 /* image.h */,
				E040D28A2BB356EF00FDBF10 /* image.c */,
				E07E0A572BB60BF800BD3D4E /* file_io.h */,
				E07E0A582BB60BF800BD3D4E /* file_io.c */,
				E00F800F2BB1302100D78335 /* matrix.h */,
				E00F800E2BB1302100D78335 /* matrix.c */,
				E07E0A602BB6340F00BD3D4E /* scene_title.h */,
				E07E0A612BB6340F00BD3D4E /* scene_title.c */,
				E07E0A632BB6370700BD3D4E /* scene_instructions.h */,
				E07E0A642BB6370700BD3D4E /* scene_instructions.c */,
				E07E0A662BB6371B00BD3D4E /* scene_gameplay.h */,
				E07E0A672BB6371B00BD3D4E /* scene_gameplay.c */,
				E07E0A692BB637B700BD3D4E /* scene_results.h */,
				E07E0A6A2BB637B700BD3D4E /* scene_results.c */,
				E07E0A6C2BB63CD500BD3D4E /* scene_manager.h */,
				E07E0A6D2BB63CD500BD3D4E /* scene_manager.c */,
				E00F80132BB1302100D78335 /* vector.h */,
				E00F80122BB1302100D78335 /* vector.c */,
			);
			name = src;
			path = ../src;
			sourceTree = "<group>";
		};
		E00F80282BB1CD2E00D78335 /* assets */ = {
			isa = PBXGroup;
			children = (
				E07E0A5C2BB60DAE00BD3D4E /* font.data */,
				E07E0A492BB5F81300BD3D4E /* riverside_1x.indexed_image */,
				E07E0A5E2BB62CD900BD3D4E /* title.indexed_image */,
				E00F80272BB1CD2E00D78335 /* Toma - All Night Radio.ogg */,
			);
			name = assets;
			path = ../assets;
			sourceTree = "<group>";
		};
		E04CAC732BACB4F10015EC5E = {
			isa = PBXGroup;
			children = (
				E00F801A2BB1302F00D78335 /* Toma Boxing.entitlements */,
				E00F80142BB1302100D78335 /* src */,
				E00F80282BB1CD2E00D78335 /* assets */,
				E04CAC862BACB5230015EC5E /* Frameworks */,
				E04CAC7D2BACB4F10015EC5E /* Products */,
			);
			sourceTree = "<group>";
		};
		E04CAC7D2BACB4F10015EC5E /* Products */ = {
			isa = PBXGroup;
			children = (
				E04CAC7C2BACB4F10015EC5E /* Toma Boxing */,
			);
			name = Products;
			sourceTree = "<group>";
		};
		E04CAC862BACB5230015EC5E /* Frameworks */ = {
			isa = PBXGroup;
			children = (
				E04CAC872BACB5480015EC5E /* SDL2.framework */,
				E00F80212BB1CC6A00D78335 /* SDL2_mixer.framework */,
				E00F80232BB1CC7000D78335 /* ogg.framework */,
			);
			path = Frameworks;
			sourceTree = "<group>";
		};
/* End PBXGroup section */

/* Begin PBXNativeTarget section */
		E04CAC7B2BACB4F10015EC5E /* Toma Boxing */ = {
			isa = PBXNativeTarget;
			buildConfigurationList = E04CAC832BACB4F10015EC5E /* Build configuration list for PBXNativeTarget "Toma Boxing" */;
			buildPhases = (
				E04CAC782BACB4F10015EC5E /* Sources */,
				E04CAC792BACB4F10015EC5E /* Frameworks */,
				E04CAC7A2BACB4F10015EC5E /* Copy Frameworks */,
				E00F802F2BB1DC2400D78335 /* Copy Assets */,
			);
			buildRules = (
			);
			dependencies = (
			);
			name = "Toma Boxing";
			productName = "CISC -3620-Midterm";
			productReference = E04CAC7C2BACB4F10015EC5E /* Toma Boxing */;
			productType = "com.apple.product-type.tool";
		};
/* End PBXNativeTarget section */

/* Begin PBXProject section */
		E04CAC742BACB4F10015EC5E /* Project object */ = {
			isa = PBXProject;
			attributes = {
				BuildIndependentTargetsInParallel = 1;
				LastUpgradeCheck = 1530;
				TargetAttributes = {
					E04CAC7B2BACB4F10015EC5E = {
						CreatedOnToolsVersion = 15.3;
					};
				};
			};
			buildConfigurationList = E04CAC772BACB4F10015EC5E /* Build configuration list for PBXProject "Toma Boxing" */;
			compatibilityVersion = "Xcode 14.0";
			developmentRegion = en;
			hasScannedForEncodings = 0;
			knownRegions = (
				en,
				Base,
			);
			mainGroup = E04CAC732BACB4F10015EC5E;
			productRefGroup = E04CAC7D2BACB4F10015EC5E /* Products */;
			projectDirPath = "";
			projectRoot = "";
			targets = (
				E04CAC7B2BACB4F10015EC5E /* Toma Boxing */,
			);
		};
/* End PBXProject section */

/* Begin PBXSourcesBuildPhase section */
		E04CAC782BACB4F10015EC5E /* Sources */ = {
			isa = PBXSourcesBuildPhase;
			buildActionMask = 2147483647;
			files = (
				E00F802C2BB1CDE500D78335 /* audio_player.c in Sources */,
				E040D28B2BB356EF00FDBF10 /* image.c in Sources */,
				E00F80192BB1302100D78335 /* vector.c in Sources */,
				E07E0A652BB6370700BD3D4E /* scene_instructions.c in Sources */,
				E040D2872BB3494900FDBF10 /* atari_text.c in Sources */,
				E00F80162BB1302100D78335 /* main.c in Sources */,
				E07E0A682BB6371B00BD3D4E /* scene_gameplay.c in Sources */,
				E00F801D2BB1329800D78335 /* cube_mesh.c in Sources */,
				E00F80172BB1302100D78335 /* matrix.c in Sources */,
				E07E0A622BB6340F00BD3D4E /* scene_title.c in Sources */,
				E07E0A6E2BB63CD500BD3D4E /* scene_manager.c in Sources */,
				E00F80202BB132A000D78335 /* drawing.c in Sources */,
				E00F80152BB1302100D78335 /* color.c in Sources */,
				E07E0A592BB60BF800BD3D4E /* file_io.c in Sources */,
				E07E0A6B2BB637B700BD3D4E /* scene_results.c in Sources */,
			);
			runOnlyForDeploymentPostprocessing = 0;
		};
/* End PBXSourcesBuildPhase section */

/* Begin XCBuildConfiguration section */
		E04CAC812BACB4F10015EC5E /* Debug */ = {
			isa = XCBuildConfiguration;
			buildSettings = {
				ALWAYS_SEARCH_USER_PATHS = NO;
				ASSETCATALOG_COMPILER_GENERATE_SWIFT_ASSET_SYMBOL_EXTENSIONS = YES;
				CLANG_ANALYZER_NONNULL = YES;
				CLANG_ANALYZER_NUMBER_OBJECT_CONVERSION = YES_AGGRESSIVE;
				CLANG_CXX_LANGUAGE_STANDARD = "gnu++20";
				CLANG_ENABLE_MODULES = YES;
				CLANG_ENABLE_OBJC_ARC = YES;
				CLANG_ENABLE_OBJC_WEAK = YES;
				CLANG_WARN_BLOCK_CAPTURE_AUTORELEASING = YES;
				CLANG_WARN_BOOL_CONVERSION = YES;
				CLANG_WARN_COMMA = YES;
				CLANG_WARN_CONSTANT_CONVERSION = YES;
				CLANG_WARN_DEPRECATED_OBJC_IMPLEMENTATIONS = YES;
				CLANG_WARN_DIRECT_OBJC_ISA_USAGE = YES_ERROR;
				CLANG_WARN_DOCUMENTATION_COMMENTS = YES;
				CLANG_WARN_EMPTY_BODY = YES;
				CLANG_WARN_ENUM_CONVERSION = YES;
				CLANG_WARN_INFINITE_RECURSION = YES;
				CLANG_WARN_INT_CONVERSION = YES;
				CLANG_WARN_NON_LITERAL_NULL_CONVERSION = YES;
				CLANG_WARN_OBJC_IMPLICIT_RETAIN_SELF = YES;
				CLANG_WARN_OBJC_LITERAL_CONVERSION = YES;
				CLANG_WARN_OBJC_ROOT_CLASS = YES_ERROR;
				CLANG_WARN_QUOTED_INCLUDE_IN_FRAMEWORK_HEADER = YES;
				CLANG_WARN_RANGE_LOOP_ANALYSIS = YES;
				CLANG_WARN_STRICT_PROTOTYPES = YES;
				CLANG_WARN_SUSPICIOUS_MOVE = YES;
				CLANG_WARN_UNGUARDED_AVAILABILITY = YES_AGGRESSIVE;
				CLANG_WARN_UNREACHABLE_CODE = YES;
				CLANG_WARN__DUPLICATE_METHOD_MATCH = YES;
				COPY_PHASE_STRIP = NO;
				DEBUG_INFORMATION_FORMAT = dwarf;
				ENABLE_STRICT_OBJC_MSGSEND = YES;
				ENABLE_TESTABILITY = YES;
				ENABLE_USER_SCRIPT_SANDBOXING = YES;
				GCC_C_LANGUAGE_STANDARD = gnu17;
				GCC_DYNAMIC_NO_PIC = NO;
				GCC_NO_COMMON_BLOCKS = YES;
				GCC_OPTIMIZATION_LEVEL = 0;
				GCC_PREPROCESSOR_DEFINITIONS = (
					"DEBUG=1",
					"$(inherited)",
				);
				GCC_WARN_64_TO_32_BIT_CONVERSION = YES;
				GCC_WARN_ABOUT_RETURN_TYPE = YES_ERROR;
				GCC_WARN_UNDECLARED_SELECTOR = YES;
				GCC_WARN_UNINITIALIZED_AUTOS = YES_AGGRESSIVE;
				GCC_WARN_UNUSED_FUNCTION = YES;
				GCC_WARN_UNUSED_VARIABLE = YES;
				LOCALIZATION_PREFERS_STRING_CATALOGS = YES;
				MACOSX_DEPLOYMENT_TARGET = 14.4;
				MTL_ENABLE_DEBUG_INFO = INCLUDE_SOURCE;
				MTL_FAST_MATH = YES;
				ONLY_ACTIVE_ARCH = YES;
				SDKROOT = macosx;
			};
			name = Debug;
		};
		E04CAC822BACB4F10015EC5E /* Release */ = {
			isa = XCBuildConfiguration;
			buildSettings = {
				ALWAYS_SEARCH_USER_PATHS = NO;
				ASSETCATALOG_COMPILER_GENERATE_SWIFT_ASSET_SYMBOL_EXTENSIONS = YES;
				CLANG_ANALYZER_NONNULL = YES;
				CLANG_ANALYZER_NUMBER_OBJECT_CONVERSION = YES_AGGRESSIVE;
				CLANG_CXX_LANGUAGE_STANDARD = "gnu++20";
				CLANG_ENABLE_MODULES = YES;
				CLANG_ENABLE_OBJC_ARC = YES;
				CLANG_ENABLE_OBJC_WEAK = YES;
				CLANG_WARN_BLOCK_CAPTURE_AUTORELEASING = YES;
				CLANG_WARN_BOOL_CONVERSION = YES;
				CLANG_WARN_COMMA = YES;
				CLANG_WARN_CONSTANT_CONVERSION = YES;
				CLANG_WARN_DEPRECATED_OBJC_IMPLEMENTATIONS = YES;
				CLANG_WARN_DIRECT_OBJC_ISA_USAGE = YES_ERROR;
				CLANG_WARN_DOCUMENTATION_COMMENTS = YES;
				CLANG_WARN_EMPTY_BODY = YES;
				CLANG_WARN_ENUM_CONVERSION = YES;
				CLANG_WARN_INFINITE_RECURSION = YES;
				CLANG_WARN_INT_CONVERSION = YES;
				CLANG_WARN_NON_LITERAL_NULL_CONVERSION = YES;
				CLANG_WARN_OBJC_IMPLICIT_RETAIN_SELF = YES;
				CLANG_WARN_OBJC_LITERAL_CONVERSION = YES;
				CLANG_WARN_OBJC_ROOT_CLASS = YES_ERROR;
				CLANG_WARN_QUOTED_INCLUDE_IN_FRAMEWORK_HEADER = YES;
				CLANG_WARN_RANGE_LOOP_ANALYSIS = YES;
				CLANG_WARN_STRICT_PROTOTYPES = YES;
				CLANG_WARN_SUSPICIOUS_MOVE = YES;
				CLANG_WARN_UNGUARDED_AVAILABILITY = YES_AGGRESSIVE;
				CLANG_WARN_UNREACHABLE_CODE = YES;
				CLANG_WARN__DUPLICATE_METHOD_MATCH = YES;
				COPY_PHASE_STRIP = NO;
				DEBUG_INFORMATION_FORMAT = "dwarf-with-dsym";
				ENABLE_NS_ASSERTIONS = NO;
				ENABLE_STRICT_OBJC_MSGSEND = YES;
				ENABLE_USER_SCRIPT_SANDBOXING = YES;
				GCC_C_LANGUAGE_STANDARD = gnu17;
				GCC_NO_COMMON_BLOCKS = YES;
				GCC_WARN_64_TO_32_BIT_CONVERSION = YES;
				GCC_WARN_ABOUT_RETURN_TYPE = YES_ERROR;
				GCC_WARN_UNDECLARED_SELECTOR = YES;
				GCC_WARN_UNINITIALIZED_AUTOS = YES_AGGRESSIVE;
				GCC_WARN_UNUSED_FUNCTION = YES;
				GCC_WARN_UNUSED_VARIABLE = YES;
				LOCALIZATION_PREFERS_STRING_CATALOGS = YES;
				MACOSX_DEPLOYMENT_TARGET = 14.4;
				MTL_ENABLE_DEBUG_INFO = NO;
				MTL_FAST_MATH = YES;
				SDKROOT = macosx;
			};
			name = Release;
		};
		E04CAC842BACB4F10015EC5E /* Debug */ = {
			isa = XCBuildConfiguration;
			buildSettings = {
				CODE_SIGN_ENTITLEMENTS = "Toma Boxing.entitlements";
				CODE_SIGN_IDENTITY = "Apple Development";
				"CODE_SIGN_IDENTITY[sdk=macosx*]" = "-";
				CODE_SIGN_STYLE = Automatic;
				DEVELOPMENT_TEAM = "";
				ENABLE_HARDENED_RUNTIME = YES;
				FRAMEWORK_SEARCH_PATHS = (
					"$(inherited)",
					"$(PROJECT_DIR)/Frameworks",
				);
				PRODUCT_NAME = "$(TARGET_NAME)";
				PROVISIONING_PROFILE_SPECIFIER = "";
			};
			name = Debug;
		};
		E04CAC852BACB4F10015EC5E /* Release */ = {
			isa = XCBuildConfiguration;
			buildSettings = {
				CODE_SIGN_ENTITLEMENTS = "Toma Boxing.entitlements";
				CODE_SIGN_IDENTITY = "Apple Development";
				"CODE_SIGN_IDENTITY[sdk=macosx*]" = "-";
				CODE_SIGN_STYLE = Automatic;
				DEVELOPMENT_TEAM = "";
				ENABLE_HARDENED_RUNTIME = YES;
				FRAMEWORK_SEARCH_PATHS = (
					"$(inherited)",
					"$(PROJECT_DIR)/Frameworks",
				);
				PRODUCT_NAME = "$(TARGET_NAME)";
				PROVISIONING_PROFILE_SPECIFIER = "";
			};
			name = Release;
		};
/* End XCBuildConfiguration section */

/* Begin XCConfigurationList section */
		E04CAC772BACB4F10015EC5E /* Build configuration list for PBXProject "Toma Boxing" */ = {
			isa = XCConfigurationList;
			buildConfigurations = (
				E04CAC812BACB4F10015EC5E /* Debug */,
				E04CAC822BACB4F10015EC5E /* Release */,
			);
			defaultConfigurationIsVisible = 0;
			defaultConfigurationName = Release;
		};
		E04CAC832BACB4F10015EC5E /* Build configuration list for PBXNativeTarget "Toma Boxing" */ = {
			isa = XCConfigurationList;
			buildConfigurations = (
				E04CAC842BACB4F10015EC5E /* Debug */,
				E04CAC852BACB4F10015EC5E /* Release */,
			);
			defaultConfigurationIsVisible = 0;
			defaultConfigurationName = Release;
		};
/* End XCConfigurationList section */
	};
	rootObject = E04CAC742BACB4F10015EC5E /* Project object */;
}
